
Microsoft Visual Studio Solution File, Format Version 12.00
# Visual Studio 15
VisualStudioVersion = 15.0.28307.1082
MinimumVisualStudioVersion = 10.0.40219.1
Project("{FAE04EC0-301F-11D3-BF4B-00C04F79EFBC}") = "Decorator", "Decorator\Decorator.csproj", "{3E62C0C2-601C-4C7B-A64E-91F4E5BF9720}"
EndProject
Global
	GlobalSection(SolutionConfigurationPlatforms) = preSolution
		Debug|Any CPU = Debug|Any CPU
		Release|Any CPU = Release|Any CPU
	EndGlobalSection
	GlobalSection(ProjectConfigurationPlatforms) = postSolution
		{3E62C0C2-601C-4C7B-A64E-91F4E5BF9720}.Debug|Any CPU.ActiveCfg = Debug|Any CPU
		{3E62C0C2-601C-4C7B-A64E-91F4E5BF9720}.Debug|Any CPU.Build.0 = Debug|Any CPU
		{3E62C0C2-601C-4C7B-A64E-91F4E5BF9720}.Release|Any CPU.ActiveCfg = Release|Any CPU
		{3E62C0C2-601C-4C7B-A64E-91F4E5BF9720}.Release|Any CPU.Build.0 = Release|Any CPU
	EndGlobalSection
	GlobalSection(SolutionProperties) = preSolution
		HideSolutionNode = FALSE
	EndGlobalSection
	GlobalSection(ExtensibilityGlobals) = postSolution
		SolutionGuid = {87510861-C40F-4386-9BA7-01CEC400BBEB}
	EndGlobalSection
EndGlobal
